
Microsoft Visual Studio Solution File, Format Version 12.00
# Visual Studio Version 17
VisualStudioVersion = 17.0.31903.59
MinimumVisualStudioVersion = 10.0.40219.1
Project("{2150E333-8FDC-42A3-9474-1A3956D46DE8}") = "src", "src", "{3B65A9FA-6606-472D-B79C-08D990D0570C}"
EndProject
Project("{2150E333-8FDC-42A3-9474-1A3956D46DE8}") = "test", "test", "{B29542E3-628C-4C50-B200-BAC6BC16D216}"
EndProject
Project("{FAE04EC0-301F-11D3-BF4B-00C04F79EFBC}") = "Customers.Api", "src\Customers.Api\Customers.Api.csproj", "{D2EEA700-15AF-4FAA-9AB3-7CE32C3877D3}"
EndProject
Project("{FAE04EC0-301F-11D3-BF4B-00C04F79EFBC}") = "Customers.Api.Tests.Integration", "test\Customers.Api.Tests.Integration\Customers.Api.Tests.Integration.csproj", "{1B5C1715-47FB-4DAA-BC60-189C66D0C677}"
EndProject
Global
	GlobalSection(SolutionConfigurationPlatforms) = preSolution
		Debug|Any CPU = Debug|Any CPU
		Release|Any CPU = Release|Any CPU
	EndGlobalSection
	GlobalSection(SolutionProperties) = preSolution
		HideSolutionNode = FALSE
	EndGlobalSection
	GlobalSection(NestedProjects) = preSolution
		{D2EEA700-15AF-4FAA-9AB3-7CE32C3877D3} = {3B65A9FA-6606-472D-B79C-08D990D0570C}
		{1B5C1715-47FB-4DAA-BC60-189C66D0C677} = {B29542E3-628C-4C50-B200-BAC6BC16D216}
	EndGlobalSection
	GlobalSection(ProjectConfigurationPlatforms) = postSolution
		{D2EEA700-15AF-4FAA-9AB3-7CE32C3877D3}.Debug|Any CPU.ActiveCfg = Debug|Any CPU
		{D2EEA700-15AF-4FAA-9AB3-7CE32C3877D3}.Debug|Any CPU.Build.0 = Debug|Any CPU
		{D2EEA700-15AF-4FAA-9AB3-7CE32C3877D3}.Release|Any CPU.ActiveCfg = Release|Any CPU
		{D2EEA700-15AF-4FAA-9AB3-7CE32C3877D3}.Release|Any CPU.Build.0 = Release|Any CPU
		{1B5C1715-47FB-4DAA-BC60-189C66D0C677}.Debug|Any CPU.ActiveCfg = Debug|Any CPU
		{1B5C1715-47FB-4DAA-BC60-189C66D0C677}.Debug|Any CPU.Build.0 = Debug|Any CPU
		{1B5C1715-47FB-4DAA-BC60-189C66D0C677}.Release|Any CPU.ActiveCfg = Release|Any CPU
		{1B5C1715-47FB-4DAA-BC60-189C66D0C677}.Release|Any CPU.Build.0 = Release|Any CPU
	EndGlobalSection
EndGlobal
